
Microsoft Visual Studio Solution File, Format Version 12.00
# Visual Studio Version 17
VisualStudioVersion = 17.8.34322.80
MinimumVisualStudioVersion = 10.0.40219.1
Project("{9A19103F-16F7-4668-BE54-9A1E7A4F7556}") = "Entities", "Entities\Entities.csproj", "{7F5D8105-38EB-413E-A553-5ABB71C9B521}"
EndProject
Project("{9A19103F-16F7-4668-BE54-9A1E7A4F7556}") = "Business", "Business\Business.csproj", "{6B8D93D4-B42E-4B65-BEC9-82CEF3777887}"
EndProject
Project("{9A19103F-16F7-4668-BE54-9A1E7A4F7556}") = "Core", "Core\Core.csproj", "{73481D41-9B59-4462-A171-662665E6A5B6}"
EndProject
Project("{9A19103F-16F7-4668-BE54-9A1E7A4F7556}") = "DataAccess", "DataAccess\DataAccess.csproj", "{BF3135F8-5F2B-425D-A0FC-B06838DC278F}"
EndProject
Project("{9A19103F-16F7-4668-BE54-9A1E7A4F7556}") = "WebAPI", "WebAPI\WebAPI.csproj", "{AECD19C8-99CA-41B6-BB8F-2B2F3F428C91}"
EndProject
Global
	GlobalSection(SolutionConfigurationPlatforms) = preSolution
		Debug|Any CPU = Debug|Any CPU
		Release|Any CPU = Release|Any CPU
	EndGlobalSection
	GlobalSection(ProjectConfigurationPlatforms) = postSolution
		{7F5D8105-38EB-413E-A553-5ABB71C9B521}.Debug|Any CPU.ActiveCfg = Debug|Any CPU
		{7F5D8105-38EB-413E-A553-5ABB71C9B521}.Debug|Any CPU.Build.0 = Debug|Any CPU
		{7F5D8105-38EB-413E-A553-5ABB71C9B521}.Release|Any CPU.ActiveCfg = Release|Any CPU
		{7F5D8105-38EB-413E-A553-5ABB71C9B521}.Release|Any CPU.Build.0 = Release|Any CPU
		{6B8D93D4-B42E-4B65-BEC9-82CEF3777887}.Debug|Any CPU.ActiveCfg = Debug|Any CPU
		{6B8D93D4-B42E-4B65-BEC9-82CEF3777887}.Debug|Any CPU.Build.0 = Debug|Any CPU
		{6B8D93D4-B42E-4B65-BEC9-82CEF3777887}.Release|Any CPU.ActiveCfg = Release|Any CPU
		{6B8D93D4-B42E-4B65-BEC9-82CEF3777887}.Release|Any CPU.Build.0 = Release|Any CPU
		{73481D41-9B59-4462-A171-662665E6A5B6}.Debug|Any CPU.ActiveCfg = Debug|Any CPU
		{73481D41-9B59-4462-A171-662665E6A5B6}.Debug|Any CPU.Build.0 = Debug|Any CPU
		{73481D41-9B59-4462-A171-662665E6A5B6}.Release|Any CPU.ActiveCfg = Release|Any CPU
		{73481D41-9B59-4462-A171-662665E6A5B6}.Release|Any CPU.Build.0 = Release|Any CPU
		{BF3135F8-5F2B-425D-A0FC-B06838DC278F}.Debug|Any CPU.ActiveCfg = Debug|Any CPU
		{BF3135F8-5F2B-425D-A0FC-B06838DC278F}.Debug|Any CPU.Build.0 = Debug|Any CPU
		{BF3135F8-5F2B-425D-A0FC-B06838DC278F}.Release|Any CPU.ActiveCfg = Release|Any CPU
		{BF3135F8-5F2B-425D-A0FC-B06838DC278F}.Release|Any CPU.Build.0 = Release|Any CPU
		{AECD19C8-99CA-41B6-BB8F-2B2F3F428C91}.Debug|Any CPU.ActiveCfg = Debug|Any CPU
		{AECD19C8-99CA-41B6-BB8F-2B2F3F428C91}.Debug|Any CPU.Build.0 = Debug|Any CPU
		{AECD19C8-99CA-41B6-BB8F-2B2F3F428C91}.Release|Any CPU.ActiveCfg = Release|Any CPU
		{AECD19C8-99CA-41B6-BB8F-2B2F3F428C91}.Release|Any CPU.Build.0 = Release|Any CPU
	EndGlobalSection
	GlobalSection(SolutionProperties) = preSolution
		HideSolutionNode = FALSE
	EndGlobalSection
	GlobalSection(ExtensibilityGlobals) = postSolution
		SolutionGuid = {65E2D973-DB3A-477D-BE7A-BCDF279B5276}
	EndGlobalSection
EndGlobal
